
Microsoft Visual Studio Solution File, Format Version 12.00
# Visual Studio Version 16
VisualStudioVersion = 25.0.1703.4
MinimumVisualStudioVersion = 10.0.40219.1
Project("{FAE04EC0-301F-11D3-BF4B-00C04F79EFBC}") = "RaceSim", "RaceSim\RaceSim.csproj", "{0D8A2A32-72D9-47F3-A0B8-6B274C9B312E}"
EndProject
Project("{FAE04EC0-301F-11D3-BF4B-00C04F79EFBC}") = "Controller", "Controller\Controller.csproj", "{A686DEBF-C8BD-42DC-98ED-7A8B49E2DB94}"
EndProject
Project("{FAE04EC0-301F-11D3-BF4B-00C04F79EFBC}") = "Model", "Model\Model.csproj", "{80C27C30-4D6D-4902-BB38-242F064088E8}"
EndProject
Global
	GlobalSection(SolutionConfigurationPlatforms) = preSolution
		Debug|Any CPU = Debug|Any CPU
		Release|Any CPU = Release|Any CPU
	EndGlobalSection
	GlobalSection(ProjectConfigurationPlatforms) = postSolution
		{0D8A2A32-72D9-47F3-A0B8-6B274C9B312E}.Debug|Any CPU.ActiveCfg = Debug|Any CPU
		{0D8A2A32-72D9-47F3-A0B8-6B274C9B312E}.Debug|Any CPU.Build.0 = Debug|Any CPU
		{0D8A2A32-72D9-47F3-A0B8-6B274C9B312E}.Release|Any CPU.ActiveCfg = Release|Any CPU
		{0D8A2A32-72D9-47F3-A0B8-6B274C9B312E}.Release|Any CPU.Build.0 = Release|Any CPU
		{A686DEBF-C8BD-42DC-98ED-7A8B49E2DB94}.Debug|Any CPU.ActiveCfg = Debug|Any CPU
		{A686DEBF-C8BD-42DC-98ED-7A8B49E2DB94}.Debug|Any CPU.Build.0 = Debug|Any CPU
		{A686DEBF-C8BD-42DC-98ED-7A8B49E2DB94}.Release|Any CPU.ActiveCfg = Release|Any CPU
		{A686DEBF-C8BD-42DC-98ED-7A8B49E2DB94}.Release|Any CPU.Build.0 = Release|Any CPU
		{80C27C30-4D6D-4902-BB38-242F064088E8}.Debug|Any CPU.ActiveCfg = Debug|Any CPU
		{80C27C30-4D6D-4902-BB38-242F064088E8}.Debug|Any CPU.Build.0 = Debug|Any CPU
		{80C27C30-4D6D-4902-BB38-242F064088E8}.Release|Any CPU.ActiveCfg = Release|Any CPU
		{80C27C30-4D6D-4902-BB38-242F064088E8}.Release|Any CPU.Build.0 = Release|Any CPU
	EndGlobalSection
	GlobalSection(SolutionProperties) = preSolution
		HideSolutionNode = FALSE
	EndGlobalSection
	GlobalSection(ExtensibilityGlobals) = postSolution
		SolutionGuid = {93445604-25EB-4E90-A36A-6C54C9E0CEA3}
	EndGlobalSection
EndGlobal
